
Microsoft Visual Studio Solution File, Format Version 12.00
# Visual Studio Version 17
VisualStudioVersion = 17.11.35327.3
MinimumVisualStudioVersion = 10.0.40219.1
Project("{FAE04EC0-301F-11D3-BF4B-00C04F79EFBC}") = "TiposBasicos", "TiposBasicos\TiposBasicos.csproj", "{7A263F47-5069-4129-BFE7-14F979B40F51}"
EndProject
Global
	GlobalSection(SolutionConfigurationPlatforms) = preSolution
		Debug|Any CPU = Debug|Any CPU
		Release|Any CPU = Release|Any CPU
	EndGlobalSection
	GlobalSection(ProjectConfigurationPlatforms) = postSolution
		{7A263F47-5069-4129-BFE7-14F979B40F51}.Debug|Any CPU.ActiveCfg = Debug|Any CPU
		{7A263F47-5069-4129-BFE7-14F979B40F51}.Debug|Any CPU.Build.0 = Debug|Any CPU
		{7A263F47-5069-4129-BFE7-14F979B40F51}.Release|Any CPU.ActiveCfg = Release|Any CPU
		{7A263F47-5069-4129-BFE7-14F979B40F51}.Release|Any CPU.Build.0 = Release|Any CPU
	EndGlobalSection
	GlobalSection(SolutionProperties) = preSolution
		HideSolutionNode = FALSE
	EndGlobalSection
	GlobalSection(ExtensibilityGlobals) = postSolution
		SolutionGuid = {8A1D3B19-7BBC-4B91-8BDD-BF83AC0ACD2D}
	EndGlobalSection
EndGlobal
